
Microsoft Visual Studio Solution File, Format Version 12.00
# Visual Studio 15
Project("{FAE04EC0-301F-11D3-BF4B-00C04F79EFBC}") = "Assembly-CSharp", "Assembly-CSharp.csproj", "{71BD983D-F656-C143-EA18-1A8B017DAB8B}"
EndProject
Project("{FAE04EC0-301F-11D3-BF4B-00C04F79EFBC}") = "Assembly-CSharp-firstpass", "Assembly-CSharp-firstpass.csproj", "{6AE0E2B9-D60E-C3EC-B497-FE708DE52379}"
EndProject
Project("{FAE04EC0-301F-11D3-BF4B-00C04F79EFBC}") = "NavMeshComponents", "NavMeshComponents.csproj", "{CF810441-29AE-FC09-2EFC-F490814A7BC2}"
EndProject
Project("{FAE04EC0-301F-11D3-BF4B-00C04F79EFBC}") = "Unity.RenderPipelines.HighDefinition.Config.Runtime", "Unity.RenderPipelines.HighDefinition.Config.Runtime.csproj", "{4A9E69EE-AB56-8F2F-C82D-B5B3BBD24767}"
EndProject
Project("{FAE04EC0-301F-11D3-BF4B-00C04F79EFBC}") = "Assembly-CSharp-Editor", "Assembly-CSharp-Editor.csproj", "{C218BBEB-CEC3-FC85-1639-0208D9FB02F8}"
EndProject
Project("{FAE04EC0-301F-11D3-BF4B-00C04F79EFBC}") = "NavMeshComponentsEditor", "NavMeshComponentsEditor.csproj", "{B9131E22-CDF1-AC6B-A518-1EBCC353E17D}"
EndProject
Global
	GlobalSection(SolutionConfigurationPlatforms) = preSolution
		Debug|Any CPU = Debug|Any CPU
		Release|Any CPU = Release|Any CPU
	EndGlobalSection
	GlobalSection(ProjectConfigurationPlatforms) = postSolution
		{71BD983D-F656-C143-EA18-1A8B017DAB8B}.Debug|Any CPU.ActiveCfg = Debug|Any CPU
		{71BD983D-F656-C143-EA18-1A8B017DAB8B}.Debug|Any CPU.Build.0 = Debug|Any CPU
		{71BD983D-F656-C143-EA18-1A8B017DAB8B}.Release|Any CPU.ActiveCfg = Release|Any CPU
		{71BD983D-F656-C143-EA18-1A8B017DAB8B}.Release|Any CPU.Build.0 = Release|Any CPU
		{6AE0E2B9-D60E-C3EC-B497-FE708DE52379}.Debug|Any CPU.ActiveCfg = Debug|Any CPU
		{6AE0E2B9-D60E-C3EC-B497-FE708DE52379}.Debug|Any CPU.Build.0 = Debug|Any CPU
		{6AE0E2B9-D60E-C3EC-B497-FE708DE52379}.Release|Any CPU.ActiveCfg = Release|Any CPU
		{6AE0E2B9-D60E-C3EC-B497-FE708DE52379}.Release|Any CPU.Build.0 = Release|Any CPU
		{CF810441-29AE-FC09-2EFC-F490814A7BC2}.Debug|Any CPU.ActiveCfg = Debug|Any CPU
		{CF810441-29AE-FC09-2EFC-F490814A7BC2}.Debug|Any CPU.Build.0 = Debug|Any CPU
		{CF810441-29AE-FC09-2EFC-F490814A7BC2}.Release|Any CPU.ActiveCfg = Release|Any CPU
		{CF810441-29AE-FC09-2EFC-F490814A7BC2}.Release|Any CPU.Build.0 = Release|Any CPU
		{4A9E69EE-AB56-8F2F-C82D-B5B3BBD24767}.Debug|Any CPU.ActiveCfg = Debug|Any CPU
		{4A9E69EE-AB56-8F2F-C82D-B5B3BBD24767}.Debug|Any CPU.Build.0 = Debug|Any CPU
		{4A9E69EE-AB56-8F2F-C82D-B5B3BBD24767}.Release|Any CPU.ActiveCfg = Release|Any CPU
		{4A9E69EE-AB56-8F2F-C82D-B5B3BBD24767}.Release|Any CPU.Build.0 = Release|Any CPU
		{C218BBEB-CEC3-FC85-1639-0208D9FB02F8}.Debug|Any CPU.ActiveCfg = Debug|Any CPU
		{C218BBEB-CEC3-FC85-1639-0208D9FB02F8}.Debug|Any CPU.Build.0 = Debug|Any CPU
		{C218BBEB-CEC3-FC85-1639-0208D9FB02F8}.Release|Any CPU.ActiveCfg = Release|Any CPU
		{C218BBEB-CEC3-FC85-1639-0208D9FB02F8}.Release|Any CPU.Build.0 = Release|Any CPU
		{B9131E22-CDF1-AC6B-A518-1EBCC353E17D}.Debug|Any CPU.ActiveCfg = Debug|Any CPU
		{B9131E22-CDF1-AC6B-A518-1EBCC353E17D}.Debug|Any CPU.Build.0 = Debug|Any CPU
		{B9131E22-CDF1-AC6B-A518-1EBCC353E17D}.Release|Any CPU.ActiveCfg = Release|Any CPU
		{B9131E22-CDF1-AC6B-A518-1EBCC353E17D}.Release|Any CPU.Build.0 = Release|Any CPU
	EndGlobalSection
	GlobalSection(SolutionProperties) = preSolution
		HideSolutionNode = FALSE
	EndGlobalSection
EndGlobal
